
Microsoft Visual Studio Solution File, Format Version 12.00
# Visual Studio Version 17
VisualStudioVersion = 17.1.32414.318
MinimumVisualStudioVersion = 10.0.40219.1
Project("{FAE04EC0-301F-11D3-BF4B-00C04F79EFBC}") = "TicTacToe", "TicTacToe\TicTacToe.csproj", "{38496CF7-F5AA-434B-B171-8ECA7E1B5906}"
EndProject
Global
	GlobalSection(SolutionConfigurationPlatforms) = preSolution
		Debug|Any CPU = Debug|Any CPU
		Release|Any CPU = Release|Any CPU
	EndGlobalSection
	GlobalSection(ProjectConfigurationPlatforms) = postSolution
		{38496CF7-F5AA-434B-B171-8ECA7E1B5906}.Debug|Any CPU.ActiveCfg = Debug|Any CPU
		{38496CF7-F5AA-434B-B171-8ECA7E1B5906}.Debug|Any CPU.Build.0 = Debug|Any CPU
		{38496CF7-F5AA-434B-B171-8ECA7E1B5906}.Release|Any CPU.ActiveCfg = Release|Any CPU
		{38496CF7-F5AA-434B-B171-8ECA7E1B5906}.Release|Any CPU.Build.0 = Release|Any CPU
	EndGlobalSection
	GlobalSection(SolutionProperties) = preSolution
		HideSolutionNode = FALSE
	EndGlobalSection
	GlobalSection(ExtensibilityGlobals) = postSolution
		SolutionGuid = {C6FA63E2-56BB-4BD7-A97B-5E104B480BA2}
	EndGlobalSection
EndGlobal
